
Microsoft Visual Studio Solution File, Format Version 12.00
# Visual Studio Version 16
VisualStudioVersion = 16.0.29519.181
MinimumVisualStudioVersion = 10.0.40219.1
Project("{9A19103F-16F7-4668-BE54-9A1E7A4F7556}") = "MvcTestSite", "UITester\MvcTestSite.csproj", "{08251829-2B4B-477D-A39F-1215F2F730BC}"
EndProject
Global
	GlobalSection(SolutionConfigurationPlatforms) = preSolution
		Debug|Any CPU = Debug|Any CPU
		Release|Any CPU = Release|Any CPU
	EndGlobalSection
	GlobalSection(ProjectConfigurationPlatforms) = postSolution
		{08251829-2B4B-477D-A39F-1215F2F730BC}.Debug|Any CPU.ActiveCfg = Debug|Any CPU
		{08251829-2B4B-477D-A39F-1215F2F730BC}.Debug|Any CPU.Build.0 = Debug|Any CPU
		{08251829-2B4B-477D-A39F-1215F2F730BC}.Release|Any CPU.ActiveCfg = Release|Any CPU
		{08251829-2B4B-477D-A39F-1215F2F730BC}.Release|Any CPU.Build.0 = Release|Any CPU
	EndGlobalSection
	GlobalSection(SolutionProperties) = preSolution
		HideSolutionNode = FALSE
	EndGlobalSection
	GlobalSection(ExtensibilityGlobals) = postSolution
		SolutionGuid = {5B588EC1-F5E3-4FC0-A686-68BE8A2AB79B}
	EndGlobalSection
EndGlobal
